# THIS IS AN AUTOGENERATED FILE. DO NOT EDIT THIS FILE DIRECTLY.
# yarn lockfile v1


"@tensorflow/tfjs-converter@1.5.1":
  version "1.5.1"
  resolved "https://registry.yarnpkg.com/@tensorflow/tfjs-converter/-/tfjs-converter-1.5.1.tgz#13b76266d51c7e7f3aeee27cdc65444a48e01538"
  integrity sha512-M9tl2/ep8ntcZpmncHwKuvThsS7TaUWqJ9vJSgJmkazwTfAvlAJmZ8/p1miJ+m5sH1EJO4oTjiEmch6g8IA5IQ==

"@tensorflow/tfjs-core@1.5.1":
  version "1.5.1"
  resolved "https://registry.yarnpkg.com/@tensorflow/tfjs-core/-/tfjs-core-1.5.1.tgz#490209617f744fef660e8f81fe8b858e95b0d10b"
  integrity sha512-N4fsi8mLsRwRs8UJN2cARB1rYFxyVXkLyZ4wOusiR976BwwZbCwQrTTSIPzPqYT3rwiexEUzm7sM6ZaDl5dpXA==
  dependencies:
    "@types/offscreencanvas" "~2019.3.0"
    "@types/seedrandom" "2.4.27"
    "@types/webgl-ext" "0.0.30"
    "@types/webgl2" "0.0.4"
    node-fetch "~2.1.2"
    seedrandom "2.4.3"

"@tensorflow/tfjs-data@1.5.1":
  version "1.5.1"
  resolved "https://registry.yarnpkg.com/@tensorflow/tfjs-data/-/tfjs-data-1.5.1.tgz#cafdbbce3d9bf07134b334aa5ca8bf46c5802a3b"
  integrity sha512-eu4X0tHS1Tng+cvMO9gkMhUWX/UZQ//VpiaZfQJfa3zvUgxw6s1MHJFb0JC1T1FOnEgDVriZ8G758ysJZOybog==
  dependencies:
    "@types/node-fetch" "^2.1.2"
    node-fetch "~2.1.2"

"@tensorflow/tfjs-layers@1.5.1":
  version "1.5.1"
  resolved "https://registry.yarnpkg.com/@tensorflow/tfjs-layers/-/tfjs-layers-1.5.1.tgz#52aab88ab64618bfb193a7fafc7443a7edaaa151"
  integrity sha512-DyuhifqflK+bdpBRLAj3RuWm1eTVe8yNX2+WH+W+wmhpjGg7Yagnar6/66JdS2h3WUFoiplCpZRAVMVw631E5g==

"@tensorflow/tfjs@^1.5.1":
  version "1.5.1"
  resolved "https://registry.yarnpkg.com/@tensorflow/tfjs/-/tfjs-1.5.1.tgz#dc16a5bcca2514e013b87f74c4939d609ecf6bcb"
  integrity sha512-WiE+JQ3ibr5LibGiBz6HWUqLJW8HiX6ywUSCA7ehZ67vFsw4mPuVjv0WEEUfD/l47PkXYVAmWd+RYOJiuZC7Eg==
  dependencies:
    "@tensorflow/tfjs-converter" "1.5.1"
    "@tensorflow/tfjs-core" "1.5.1"
    "@tensorflow/tfjs-data" "1.5.1"
    "@tensorflow/tfjs-layers" "1.5.1"

"@types/node-fetch@^2.1.2":
  version "2.5.4"
  resolved "https://registry.yarnpkg.com/@types/node-fetch/-/node-fetch-2.5.4.tgz#5245b6d8841fc3a6208b82291119bc11c4e0ce44"
  integrity sha512-Oz6id++2qAOFuOlE1j0ouk1dzl3mmI1+qINPNBhi9nt/gVOz0G+13Ao6qjhdF0Ys+eOkhu6JnFmt38bR3H0POQ==
  dependencies:
    "@types/node" "*"

"@types/node@*":
  version "13.1.2"
  resolved "https://registry.yarnpkg.com/@types/node/-/node-13.1.2.tgz#fe94285bf5e0782e1a9e5a8c482b1c34465fa385"
  integrity sha512-B8emQA1qeKerqd1dmIsQYnXi+mmAzTB7flExjmy5X1aVAKFNNNDubkavwR13kR6JnpeLp3aLoJhwn9trWPAyFQ==

"@types/offscreencanvas@~2019.3.0":
  version "2019.3.0"
  resolved "https://registry.yarnpkg.com/@types/offscreencanvas/-/offscreencanvas-2019.3.0.tgz#3336428ec7e9180cf4566dfea5da04eb586a6553"
  integrity sha512-esIJx9bQg+QYF0ra8GnvfianIY8qWB0GBx54PK5Eps6m+xTj86KLavHv6qDhzKcu5UUOgNfJ2pWaIIV7TRUd9Q==

"@types/seedrandom@2.4.27":
  version "2.4.27"
  resolved "https://registry.yarnpkg.com/@types/seedrandom/-/seedrandom-2.4.27.tgz#9db563937dd86915f69092bc43259d2f48578e41"
  integrity sha1-nbVjk33YaRX2kJK8QyWdL0hXjkE=

"@types/webgl-ext@0.0.30":
  version "0.0.30"
  resolved "https://registry.yarnpkg.com/@types/webgl-ext/-/webgl-ext-0.0.30.tgz#0ce498c16a41a23d15289e0b844d945b25f0fb9d"
  integrity sha512-LKVgNmBxN0BbljJrVUwkxwRYqzsAEPcZOe6S2T6ZaBDIrFp0qu4FNlpc5sM1tGbXUYFgdVQIoeLk1Y1UoblyEg==

"@types/webgl2@0.0.4":
  version "0.0.4"
  resolved "https://registry.yarnpkg.com/@types/webgl2/-/webgl2-0.0.4.tgz#c3b0f9d6b465c66138e84e64cb3bdf8373c2c279"
  integrity sha512-PACt1xdErJbMUOUweSrbVM7gSIYm1vTncW2hF6Os/EeWi6TXYAYMPp+8v6rzHmypE5gHrxaxZNXgMkJVIdZpHw==

babel-polyfill@^6.26.0:
  version "6.26.0"
  resolved "https://registry.yarnpkg.com/babel-polyfill/-/babel-polyfill-6.26.0.tgz#379937abc67d7895970adc621f284cd966cf2153"
  integrity sha1-N5k3q8Z9eJWXCtxiHyhM2WbPIVM=
  dependencies:
    babel-runtime "^6.26.0"
    core-js "^2.5.0"
    regenerator-runtime "^0.10.5"

babel-runtime@^6.26.0:
  version "6.26.0"
  resolved "https://registry.yarnpkg.com/babel-runtime/-/babel-runtime-6.26.0.tgz#965c7058668e82b55d7bfe04ff2337bc8b5647fe"
  integrity sha1-llxwWGaOgrVde/4E/yM3vItWR/4=
  dependencies:
    core-js "^2.4.0"
    regenerator-runtime "^0.11.0"

core-js@^2.4.0, core-js@^2.5.0:
  version "2.6.11"
  resolved "https://registry.yarnpkg.com/core-js/-/core-js-2.6.11.tgz#38831469f9922bded8ee21c9dc46985e0399308c"
  integrity sha512-5wjnpaT/3dV+XB4borEsnAYQchn00XSgTAWKDkEqv+K8KevjbzmofK6hfJ9TZIlpj2N0xQpazy7PiRQiWHqzWg==

node-fetch@~2.1.2:
  version "2.1.2"
  resolved "https://registry.yarnpkg.com/node-fetch/-/node-fetch-2.1.2.tgz#ab884e8e7e57e38a944753cec706f788d1768bb5"
  integrity sha1-q4hOjn5X44qUR1POxwb3iNF2i7U=

regenerator-runtime@^0.10.5:
  version "0.10.5"
  resolved "https://registry.yarnpkg.com/regenerator-runtime/-/regenerator-runtime-0.10.5.tgz#336c3efc1220adcedda2c9fab67b5a7955a33658"
  integrity sha1-M2w+/BIgrc7dosn6tntaeVWjNlg=

regenerator-runtime@^0.11.0:
  version "0.11.1"
  resolved "https://registry.yarnpkg.com/regenerator-runtime/-/regenerator-runtime-0.11.1.tgz#be05ad7f9bf7d22e056f9726cee5017fbf19e2e9"
  integrity sha512-MguG95oij0fC3QV3URf4V2SDYGJhJnJGqvIIgdECeODCT98wSWDAJ94SSuVpYQUoTcGUIL6L4yNB7j1DFFHSBg==

seedrandom@2.4.3:
  version "2.4.3"
  resolved "https://registry.yarnpkg.com/seedrandom/-/seedrandom-2.4.3.tgz#2438504dad33917314bff18ac4d794f16d6aaecc"
  integrity sha1-JDhQTa0zkXMUv/GKxNeU8W1qrsw=

typescript@^3.7.4:
  version "3.7.4"
  resolved "https://registry.yarnpkg.com/typescript/-/typescript-3.7.4.tgz#1743a5ec5fef6a1fa9f3e4708e33c81c73876c19"
  integrity sha512-A25xv5XCtarLwXpcDNZzCGvW2D1S3/bACratYBx2sax8PefsFhlYmkQicKHvpYflFS8if4zne5zT5kpJ7pzuvw==
